// !$*UTF8*$!
{
	archiveVersion = 1;
	classes = {
	};
	objectVersion = 50;
	objects = {

/* Begin PBXBuildFile section */
		F008D01A21F64818009BFDDA /* AppDelegate.swift in Sources */ = {isa = PBXBuildFile; fileRef = F008D01921F64818009BFDDA /* AppDelegate.swift */; };
		F008D01C21F64818009BFDDA /* ViewController.swift in Sources */ = {isa = PBXBuildFile; fileRef = F008D01B21F64818009BFDDA /* ViewController.swift */; };
		F008D01F21F64818009BFDDA /* Main.storyboard in Resources */ = {isa = PBXBuildFile; fileRef = F008D01D21F64818009BFDDA /* Main.storyboard */; };
		F008D02121F6481C009BFDDA /* Assets.xcassets in Resources */ = {isa = PBXBuildFile; fileRef = F008D02021F6481C009BFDDA /* Assets.xcassets */; };
		F008D02421F6481C009BFDDA /* LaunchScreen.storyboard in Resources */ = {isa = PBXBuildFile; fileRef = F008D02221F6481C009BFDDA /* LaunchScreen.storyboard */; };
		F008D02D21F64851009BFDDA /* NetworkProcessor.swift in Sources */ = {isa = PBXBuildFile; fileRef = F008D02C21F64851009BFDDA /* NetworkProcessor.swift */; };
		F008D02F21F65EC0009BFDDA /* ForecastService.swift in Sources */ = {isa = PBXBuildFile; fileRef = F008D02E21F65EC0009BFDDA /* ForecastService.swift */; };
		F008D03121F66231009BFDDA /* CurrentWeather.swift in Sources */ = {isa = PBXBuildFile; fileRef = F008D03021F66231009BFDDA /* CurrentWeather.swift */; };
		F008D03321F68650009BFDDA /* Region.swift in Sources */ = {isa = PBXBuildFile; fileRef = F008D03221F68650009BFDDA /* Region.swift */; };
/* End PBXBuildFile section */

/* Begin PBXFileReference section */
		F008D01621F64818009BFDDA /* Weathery.app */ = {isa = PBXFileReference; explicitFileType = wrapper.application; includeInIndex = 0; path = Weathery.app; sourceTree = BUILT_PRODUCTS_DIR; };
		F008D01921F64818009BFDDA /* AppDelegate.swift */ = {isa = PBXFileReference; lastKnownFileType = sourcecode.swift; path = AppDelegate.swift; sourceTree = "<group>"; };
		F008D01B21F64818009BFDDA /* ViewController.swift */ = {isa = PBXFileReference; lastKnownFileType = sourcecode.swift; path = ViewController.swift; sourceTree = "<group>"; };
		F008D01E21F64818009BFDDA /* Base */ = {isa = PBXFileReference; lastKnownFileType = file.storyboard; name = Base; path = Base.lproj/Main.storyboard; sourceTree = "<group>"; };
		F008D02021F6481C009BFDDA /* Assets.xcassets */ = {isa = PBXFileReference; lastKnownFileType = folder.assetcatalog; path = Assets.xcassets; sourceTree = "<group>"; };
		F008D02321F6481C009BFDDA /* Base */ = {isa = PBXFileReference; lastKnownFileType = file.storyboard; name = Base; path = Base.lproj/LaunchScreen.storyboard; sourceTree = "<group>"; };
		F008D02521F6481C009BFDDA /* Info.plist */ = {isa = PBXFileReference; lastKnownFileType = text.plist.xml; path = Info.plist; sourceTree = "<group>"; };
		F008D02C21F64851009BFDDA /* NetworkProcessor.swift */ = {isa = PBXFileReference; lastKnownFileType = sourcecode.swift; path = NetworkProcessor.swift; sourceTree = "<group>"; };
		F008D02E21F65EC0009BFDDA /* ForecastService.swift */ = {isa = PBXFileReference; lastKnownFileType = sourcecode.swift; path = ForecastService.swift; sourceTree = "<group>"; };
		F008D03021F66231009BFDDA /* CurrentWeather.swift */ = {isa = PBXFileReference; lastKnownFileType = sourcecode.swift; path = CurrentWeather.swift; sourceTree = "<group>"; };
		F008D03221F68650009BFDDA /* Region.swift */ = {isa = PBXFileReference; lastKnownFileType = sourcecode.swift; path = Region.swift; sourceTree = "<group>"; };
/* End PBXFileReference section */

/* Begin PBXFrameworksBuildPhase section */
		F008D01321F64818009BFDDA /* Frameworks */ = {
			isa = PBXFrameworksBuildPhase;
			buildActionMask = 2147483647;
			files = (
			);
			runOnlyForDeploymentPostprocessing = 0;
		};
/* End PBXFrameworksBuildPhase section */

/* Begin PBXGroup section */
		F008D00D21F64818009BFDDA = {
			isa = PBXGroup;
			children = (
				F008D01821F64818009BFDDA /* Weathery */,
				F008D01721F64818009BFDDA /* Products */,
			);
			sourceTree = "<group>";
		};
		F008D01721F64818009BFDDA /* Products */ = {
			isa = PBXGroup;
			children = (
				F008D01621F64818009BFDDA /* Weathery.app */,
			);
			name = Products;
			sourceTree = "<group>";
		};
		F008D01821F64818009BFDDA /* Weathery */ = {
			isa = PBXGroup;
			children = (
				F008D02B21F64827009BFDDA /* Model */,
				F008D01921F64818009BFDDA /* AppDelegate.swift */,
				F008D01B21F64818009BFDDA /* ViewController.swift */,
				F008D01D21F64818009BFDDA /* Main.storyboard */,
				F008D02021F6481C009BFDDA /* Assets.xcassets */,
				F008D02221F6481C009BFDDA /* LaunchScreen.storyboard */,
				F008D02521F6481C009BFDDA /* Info.plist */,
			);
			path = Weathery;
			sourceTree = "<group>";
		};
		F008D02B21F64827009BFDDA /* Model */ = {
			isa = PBXGroup;
			children = (
				F008D02C21F64851009BFDDA /* NetworkProcessor.swift */,
				F008D02E21F65EC0009BFDDA /* ForecastService.swift */,
				F008D03021F66231009BFDDA /* CurrentWeather.swift */,
				F008D03221F68650009BFDDA /* Region.swift */,
			);
			path = Model;
			sourceTree = "<group>";
		};
/* End PBXGroup section */

/* Begin PBXNativeTarget section */
		F008D01521F64818009BFDDA /* Weathery */ = {
			isa = PBXNativeTarget;
			buildConfigurationList = F008D02821F6481C009BFDDA /* Build configuration list for PBXNativeTarget "Weathery" */;
			buildPhases = (
				F008D01221F64818009BFDDA /* Sources */,
				F008D01321F64818009BFDDA /* Frameworks */,
				F008D01421F64818009BFDDA /* Resources */,
			);
			buildRules = (
			);
			dependencies = (
			);
			name = Weathery;
			productName = Weathery;
			productReference = F008D01621F64818009BFDDA /* Weathery.app */;
			productType = "com.apple.product-type.application";
		};
/* End PBXNativeTarget section */

/* Begin PBXProject section */
		F008D00E21F64818009BFDDA /* Project object */ = {
			isa = PBXProject;
			attributes = {
				LastSwiftUpdateCheck = 1010;
				LastUpgradeCheck = 1010;
				ORGANIZATIONNAME = "Gerasim Israyelyan";
				TargetAttributes = {
					F008D01521F64818009BFDDA = {
						CreatedOnToolsVersion = 10.1;
					};
				};
			};
			buildConfigurationList = F008D01121F64818009BFDDA /* Build configuration list for PBXProject "Weathery" */;
			compatibilityVersion = "Xcode 9.3";
			developmentRegion = en;
			hasScannedForEncodings = 0;
			knownRegions = (
				en,
				Base,
			);
			mainGroup = F008D00D21F64818009BFDDA;
			productRefGroup = F008D01721F64818009BFDDA /* Products */;
			projectDirPath = "";
			projectRoot = "";
			targets = (
				F008D01521F64818009BFDDA /* Weathery */,
			);
		};
/* End PBXProject section */

/* Begin PBXResourcesBuildPhase section */
		F008D01421F64818009BFDDA /* Resources */ = {
			isa = PBXResourcesBuildPhase;
			buildActionMask = 2147483647;
			files = (
				F008D02421F6481C009BFDDA /* LaunchScreen.storyboard in Resources */,
				F008D02121F6481C009BFDDA /* Assets.xcassets in Resources */,
				F008D01F21F64818009BFDDA /* Main.storyboard in Resources */,
			);
			runOnlyForDeploymentPostprocessing = 0;
		};
/* End PBXResourcesBuildPhase section */

/* Begin PBXSourcesBuildPhase section */
		F008D01221F64818009BFDDA /* Sources */ = {
			isa = PBXSourcesBuildPhase;
			buildActionMask = 2147483647;
			files = (
				F008D02F21F65EC0009BFDDA /* ForecastService.swift in Sources */,
				F008D03121F66231009BFDDA /* CurrentWeather.swift in Sources */,
				F008D02D21F64851009BFDDA /* NetworkProcessor.swift in Sources */,
				F008D03321F68650009BFDDA /* Region.swift in Sources */,
				F008D01C21F64818009BFDDA /* ViewController.swift in Sources */,
				F008D01A21F64818009BFDDA /* AppDelegate.swift in Sources */,
			);
			runOnlyForDeploymentPostprocessing = 0;
		};
/* End PBXSourcesBuildPhase section */

/* Begin PBXVariantGroup section */
		F008D01D21F64818009BFDDA /* Main.storyboard */ = {
			isa = PBXVariantGroup;
			children = (
				F008D01E21F64818009BFDDA /* Base */,
			);
			name = Main.storyboard;
			sourceTree = "<group>";
		};
		F008D02221F6481C009BFDDA /* LaunchScreen.storyboard */ = {
			isa = PBXVariantGroup;
			children = (
				F008D02321F6481C009BFDDA /* Base */,
			);
			name = LaunchScreen.storyboard;
			sourceTree = "<group>";
		};
/* End PBXVariantGroup section */

/* Begin XCBuildConfiguration section */
		F008D02621F6481C009BFDDA /* Debug */ = {
			isa = XCBuildConfiguration;
			buildSettings = {
				ALWAYS_SEARCH_USER_PATHS = NO;
				CLANG_ANALYZER_NONNULL = YES;
				CLANG_ANALYZER_NUMBER_OBJECT_CONVERSION = YES_AGGRESSIVE;
				CLANG_CXX_LANGUAGE_STANDARD = "gnu++14";
				CLANG_CXX_LIBRARY = "libc++";
				CLANG_ENABLE_MODULES = YES;
				CLANG_ENABLE_OBJC_ARC = YES;
				CLANG_ENABLE_OBJC_WEAK = YES;
				CLANG_WARN_BLOCK_CAPTURE_AUTORELEASING = YES;
				CLANG_WARN_BOOL_CONVERSION = YES;
				CLANG_WARN_COMMA = YES;
				CLANG_WARN_CONSTANT_CONVERSION = YES;
				CLANG_WARN_DEPRECATED_OBJC_IMPLEMENTATIONS = YES;
				CLANG_WARN_DIRECT_OBJC_ISA_USAGE = YES_ERROR;
				CLANG_WARN_DOCUMENTATION_COMMENTS = YES;
				CLANG_WARN_EMPTY_BODY = YES;
				CLANG_WARN_ENUM_CONVERSION = YES;
				CLANG_WARN_INFINITE_RECURSION = YES;
				CLANG_WARN_INT_CONVERSION = YES;
				CLANG_WARN_NON_LITERAL_NULL_CONVERSION = YES;
				CLANG_WARN_OBJC_IMPLICIT_RETAIN_SELF = YES;
				CLANG_WARN_OBJC_LITERAL_CONVERSION = YES;
				CLANG_WARN_OBJC_ROOT_CLASS = YES_ERROR;
				CLANG_WARN_RANGE_LOOP_ANALYSIS = YES;
				CLANG_WARN_STRICT_PROTOTYPES = YES;
				CLANG_WARN_SUSPICIOUS_MOVE = YES;
				CLANG_WARN_UNGUARDED_AVAILABILITY = YES_AGGRESSIVE;
				CLANG_WARN_UNREACHABLE_CODE = YES;
				CLANG_WARN__DUPLICATE_METHOD_MATCH = YES;
				CODE_SIGN_IDENTITY = "iPhone Developer";
				COPY_PHASE_STRIP = NO;
				DEBUG_INFORMATION_FORMAT = dwarf;
				ENABLE_STRICT_OBJC_MSGSEND = YES;
				ENABLE_TESTABILITY = YES;
				GCC_C_LANGUAGE_STANDARD = gnu11;
				GCC_DYNAMIC_NO_PIC = NO;
				GCC_NO_COMMON_BLOCKS = YES;
				GCC_OPTIMIZATION_LEVEL = 0;
				GCC_PREPROCESSOR_DEFINITIONS = (
					"DEBUG=1",
					"$(inherited)",
				);
				GCC_WARN_64_TO_32_BIT_CONVERSION = YES;
				GCC_WARN_ABOUT_RETURN_TYPE = YES_ERROR;
				GCC_WARN_UNDECLARED_SELECTOR = YES;
				GCC_WARN_UNINITIALIZED_AUTOS = YES_AGGRESSIVE;
				GCC_WARN_UNUSED_FUNCTION = YES;
				GCC_WARN_UNUSED_VARIABLE = YES;
				IPHONEOS_DEPLOYMENT_TARGET = 12.1;
				MTL_ENABLE_DEBUG_INFO = INCLUDE_SOURCE;
				MTL_FAST_MATH = YES;
				ONLY_ACTIVE_ARCH = YES;
				SDKROOT = iphoneos;
				SWIFT_ACTIVE_COMPILATION_CONDITIONS = DEBUG;
				SWIFT_OPTIMIZATION_LEVEL = "-Onone";
			};
			name = Debug;
		};
		F008D02721F6481C009BFDDA /* Release */ = {
			isa = XCBuildConfiguration;
			buildSettings = {
				ALWAYS_SEARCH_USER_PATHS = NO;
				CLANG_ANALYZER_NONNULL = YES;
				CLANG_ANALYZER_NUMBER_OBJECT_CONVERSION = YES_AGGRESSIVE;
				CLANG_CXX_LANGUAGE_STANDARD = "gnu++14";
				CLANG_CXX_LIBRARY = "libc++";
				CLANG_ENABLE_MODULES = YES;
				CLANG_ENABLE_OBJC_ARC = YES;
				CLANG_ENABLE_OBJC_WEAK = YES;
				CLANG_WARN_BLOCK_CAPTURE_AUTORELEASING = YES;
				CLANG_WARN_BOOL_CONVERSION = YES;
				CLANG_WARN_COMMA = YES;
				CLANG_WARN_CONSTANT_CONVERSION = YES;
				CLANG_WARN_DEPRECATED_OBJC_IMPLEMENTATIONS = YES;
				CLANG_WARN_DIRECT_OBJC_ISA_USAGE = YES_ERROR;
				CLANG_WARN_DOCUMENTATION_COMMENTS = YES;
				CLANG_WARN_EMPTY_BODY = YES;
				CLANG_WARN_ENUM_CONVERSION = YES;
				CLANG_WARN_INFINITE_RECURSION = YES;
				CLANG_WARN_INT_CONVERSION = YES;
				CLANG_WARN_NON_LITERAL_NULL_CONVERSION = YES;
				CLANG_WARN_OBJC_IMPLICIT_RETAIN_SELF = YES;
				CLANG_WARN_OBJC_LITERAL_CONVERSION = YES;
				CLANG_WARN_OBJC_ROOT_CLASS = YES_ERROR;
				CLANG_WARN_RANGE_LOOP_ANALYSIS = YES;
				CLANG_WARN_STRICT_PROTOTYPES = YES;
				CLANG_WARN_SUSPICIOUS_MOVE = YES;
				CLANG_WARN_UNGUARDED_AVAILABILITY = YES_AGGRESSIVE;
				CLANG_WARN_UNREACHABLE_CODE = YES;
				CLANG_WARN__DUPLICATE_METHOD_MATCH = YES;
				CODE_SIGN_IDENTITY = "iPhone Developer";
				COPY_PHASE_STRIP = NO;
				DEBUG_INFORMATION_FORMAT = "dwarf-with-dsym";
				ENABLE_NS_ASSERTIONS = NO;
				ENABLE_STRICT_OBJC_MSGSEND = YES;
				GCC_C_LANGUAGE_STANDARD = gnu11;
				GCC_NO_COMMON_BLOCKS = YES;
				GCC_WARN_64_TO_32_BIT_CONVERSION = YES;
				GCC_WARN_ABOUT_RETURN_TYPE = YES_ERROR;
				GCC_WARN_UNDECLARED_SELECTOR = YES;
				GCC_WARN_UNINITIALIZED_AUTOS = YES_AGGRESSIVE;
				GCC_WARN_UNUSED_FUNCTION = YES;
				GCC_WARN_UNUSED_VARIABLE = YES;
				IPHONEOS_DEPLOYMENT_TARGET = 12.1;
				MTL_ENABLE_DEBUG_INFO = NO;
				MTL_FAST_MATH = YES;
				SDKROOT = iphoneos;
				SWIFT_COMPILATION_MODE = wholemodule;
				SWIFT_OPTIMIZATION_LEVEL = "-O";
				VALIDATE_PRODUCT = YES;
			};
			name = Release;
		};
		F008D02921F6481C009BFDDA /* Debug */ = {
			isa = XCBuildConfiguration;
			buildSettings = {
				ASSETCATALOG_COMPILER_APPICON_NAME = AppIcon;
				CODE_SIGN_STYLE = Automatic;
				INFOPLIST_FILE = Weathery/Info.plist;
				LD_RUNPATH_SEARCH_PATHS = (
					"$(inherited)",
					"@executable_path/Frameworks",
				);
				PRODUCT_BUNDLE_IDENTIFIER = com.1003.Weathery;
				PRODUCT_NAME = "$(TARGET_NAME)";
				SWIFT_VERSION = 4.2;
				TARGETED_DEVICE_FAMILY = "1,2";
			};
			name = Debug;
		};
		F008D02A21F6481C009BFDDA /* Release */ = {
			isa = XCBuildConfiguration;
			buildSettings = {
				ASSETCATALOG_COMPILER_APPICON_NAME = AppIcon;
				CODE_SIGN_STYLE = Automatic;
				INFOPLIST_FILE = Weathery/Info.plist;
				LD_RUNPATH_SEARCH_PATHS = (
					"$(inherited)",
					"@executable_path/Frameworks",
				);
				PRODUCT_BUNDLE_IDENTIFIER = com.1003.Weathery;
				PRODUCT_NAME = "$(TARGET_NAME)";
				SWIFT_VERSION = 4.2;
				TARGETED_DEVICE_FAMILY = "1,2";
			};
			name = Release;
		};
/* End XCBuildConfiguration section */

/* Begin XCConfigurationList section */
		F008D01121F64818009BFDDA /* Build configuration list for PBXProject "Weathery" */ = {
			isa = XCConfigurationList;
			buildConfigurations = (
				F008D02621F6481C009BFDDA /* Debug */,
				F008D02721F6481C009BFDDA /* Release */,
			);
			defaultConfigurationIsVisible = 0;
			defaultConfigurationName = Release;
		};
		F008D02821F6481C009BFDDA /* Build configuration list for PBXNativeTarget "Weathery" */ = {
			isa = XCConfigurationList;
			buildConfigurations = (
				F008D02921F6481C009BFDDA /* Debug */,
				F008D02A21F6481C009BFDDA /* Release */,
			);
			defaultConfigurationIsVisible = 0;
			defaultConfigurationName = Release;
		};
/* End XCConfigurationList section */
	};
	rootObject = F008D00E21F64818009BFDDA /* Project object */;
}
